
Microsoft Visual Studio Solution File, Format Version 12.00
# Visual Studio Version 17
VisualStudioVersion = 17.7.34031.279
MinimumVisualStudioVersion = 10.0.40219.1
Project("{FAE04EC0-301F-11D3-BF4B-00C04F79EFBC}") = "MeuPrograma", "MeuPrograma\MeuPrograma.csproj", "{3B152BB9-9815-44B0-8CF6-C112D2F2ECF9}"
EndProject
Global
	GlobalSection(SolutionConfigurationPlatforms) = preSolution
		Debug|Any CPU = Debug|Any CPU
		Release|Any CPU = Release|Any CPU
	EndGlobalSection
	GlobalSection(ProjectConfigurationPlatforms) = postSolution
		{3B152BB9-9815-44B0-8CF6-C112D2F2ECF9}.Debug|Any CPU.ActiveCfg = Debug|Any CPU
		{3B152BB9-9815-44B0-8CF6-C112D2F2ECF9}.Debug|Any CPU.Build.0 = Debug|Any CPU
		{3B152BB9-9815-44B0-8CF6-C112D2F2ECF9}.Release|Any CPU.ActiveCfg = Release|Any CPU
		{3B152BB9-9815-44B0-8CF6-C112D2F2ECF9}.Release|Any CPU.Build.0 = Release|Any CPU
	EndGlobalSection
	GlobalSection(SolutionProperties) = preSolution
		HideSolutionNode = FALSE
	EndGlobalSection
	GlobalSection(ExtensibilityGlobals) = postSolution
		SolutionGuid = {3BF1C3B8-1F1C-4681-BC53-06D6B9716261}
	EndGlobalSection
EndGlobal
